
Microsoft Visual Studio Solution File, Format Version 12.00
# Visual Studio Version 17
VisualStudioVersion = 17.1.32414.318
MinimumVisualStudioVersion = 10.0.40219.1
Project("{9A19103F-16F7-4668-BE54-9A1E7A4F7556}") = "PRP.Service.Api.Tests", "PRP.Service.Api.Tests\PRP.Service.Api.Tests.csproj", "{20784EF3-59DF-4157-A3DC-6446AD6D77B9}"
EndProject
Project("{9A19103F-16F7-4668-BE54-9A1E7A4F7556}") = "PRP.WinService.Tests", "PRP.WinService.Tests\PRP.WinService.Tests.csproj", "{D441D21B-B1CC-4176-A7B5-79BA1CDC2A09}"
EndProject
Project("{9A19103F-16F7-4668-BE54-9A1E7A4F7556}") = "PRP.Service.Api", "PRP.Service.Api\PRP.Service.Api.csproj", "{16B5878E-08E1-464D-8035-403F3FE70607}"
EndProject
Project("{9A19103F-16F7-4668-BE54-9A1E7A4F7556}") = "PRP.WinService", "PRP.WinService\PRP.WinService.csproj", "{B314B860-6B28-4EE7-B2A2-60863C381AAA}"
EndProject
Project("{FAE04EC0-301F-11D3-BF4B-00C04F79EFBC}") = "PRP.Service.Api.TestWebsite", "PRP.Service.Api.TestWebsite\PRP.Service.Api.TestWebsite.csproj", "{A398523F-DCCE-4BC8-B529-52C1D28F8932}"
EndProject
Global
	GlobalSection(SolutionConfigurationPlatforms) = preSolution
		Debug|Any CPU = Debug|Any CPU
		Release|Any CPU = Release|Any CPU
	EndGlobalSection
	GlobalSection(ProjectConfigurationPlatforms) = postSolution
		{46485360-129F-4415-8B1E-56DD65D9424D}.Debug|Any CPU.ActiveCfg = Debug|Any CPU
		{46485360-129F-4415-8B1E-56DD65D9424D}.Debug|Any CPU.Build.0 = Debug|Any CPU
		{46485360-129F-4415-8B1E-56DD65D9424D}.Release|Any CPU.ActiveCfg = Release|Any CPU
		{46485360-129F-4415-8B1E-56DD65D9424D}.Release|Any CPU.Build.0 = Release|Any CPU
		{20784EF3-59DF-4157-A3DC-6446AD6D77B9}.Debug|Any CPU.ActiveCfg = Debug|Any CPU
		{20784EF3-59DF-4157-A3DC-6446AD6D77B9}.Debug|Any CPU.Build.0 = Debug|Any CPU
		{20784EF3-59DF-4157-A3DC-6446AD6D77B9}.Release|Any CPU.ActiveCfg = Release|Any CPU
		{20784EF3-59DF-4157-A3DC-6446AD6D77B9}.Release|Any CPU.Build.0 = Release|Any CPU
		{D441D21B-B1CC-4176-A7B5-79BA1CDC2A09}.Debug|Any CPU.ActiveCfg = Debug|Any CPU
		{D441D21B-B1CC-4176-A7B5-79BA1CDC2A09}.Debug|Any CPU.Build.0 = Debug|Any CPU
		{D441D21B-B1CC-4176-A7B5-79BA1CDC2A09}.Release|Any CPU.ActiveCfg = Release|Any CPU
		{D441D21B-B1CC-4176-A7B5-79BA1CDC2A09}.Release|Any CPU.Build.0 = Release|Any CPU
		{16B5878E-08E1-464D-8035-403F3FE70607}.Debug|Any CPU.ActiveCfg = Debug|Any CPU
		{16B5878E-08E1-464D-8035-403F3FE70607}.Debug|Any CPU.Build.0 = Debug|Any CPU
		{16B5878E-08E1-464D-8035-403F3FE70607}.Release|Any CPU.ActiveCfg = Release|Any CPU
		{16B5878E-08E1-464D-8035-403F3FE70607}.Release|Any CPU.Build.0 = Release|Any CPU
		{B314B860-6B28-4EE7-B2A2-60863C381AAA}.Debug|Any CPU.ActiveCfg = Debug|Any CPU
		{B314B860-6B28-4EE7-B2A2-60863C381AAA}.Debug|Any CPU.Build.0 = Debug|Any CPU
		{B314B860-6B28-4EE7-B2A2-60863C381AAA}.Release|Any CPU.ActiveCfg = Release|Any CPU
		{B314B860-6B28-4EE7-B2A2-60863C381AAA}.Release|Any CPU.Build.0 = Release|Any CPU
		{A398523F-DCCE-4BC8-B529-52C1D28F8932}.Debug|Any CPU.ActiveCfg = Debug|Any CPU
		{A398523F-DCCE-4BC8-B529-52C1D28F8932}.Debug|Any CPU.Build.0 = Debug|Any CPU
		{A398523F-DCCE-4BC8-B529-52C1D28F8932}.Release|Any CPU.ActiveCfg = Release|Any CPU
		{A398523F-DCCE-4BC8-B529-52C1D28F8932}.Release|Any CPU.Build.0 = Release|Any CPU
	EndGlobalSection
	GlobalSection(SolutionProperties) = preSolution
		HideSolutionNode = FALSE
	EndGlobalSection
	GlobalSection(ExtensibilityGlobals) = postSolution
		SolutionGuid = {81FECC73-BE46-4E01-9AF3-9F7E9986B139}
	EndGlobalSection
EndGlobal
